
Microsoft Visual Studio Solution File, Format Version 12.00
# Visual Studio 2015
Project("{FAE04EC0-301F-11D3-BF4B-00C04F79EFBC}") = "2D Roguelike 2.0.CSharp", "2D Roguelike 2.0.CSharp.csproj", "{3B028924-4B85-11E5-EB89-67704E8E63DA}"
EndProject
Project("{FAE04EC0-301F-11D3-BF4B-00C04F79EFBC}") = "2D Roguelike 2.0.CSharp.Editor", "2D Roguelike 2.0.CSharp.Editor.csproj", "{0F87757D-C7F5-CAA7-C11A-B41651146D80}"
EndProject
Global
	GlobalSection(SolutionConfigurationPlatforms) = preSolution
		Debug|Any CPU = Debug|Any CPU
		Release|Any CPU = Release|Any CPU
	EndGlobalSection
	GlobalSection(ProjectConfigurationPlatforms) = postSolution
		{3B028924-4B85-11E5-EB89-67704E8E63DA}.Debug|Any CPU.ActiveCfg = Debug|Any CPU
		{3B028924-4B85-11E5-EB89-67704E8E63DA}.Debug|Any CPU.Build.0 = Debug|Any CPU
		{3B028924-4B85-11E5-EB89-67704E8E63DA}.Release|Any CPU.ActiveCfg = Release|Any CPU
		{3B028924-4B85-11E5-EB89-67704E8E63DA}.Release|Any CPU.Build.0 = Release|Any CPU
		{0F87757D-C7F5-CAA7-C11A-B41651146D80}.Debug|Any CPU.ActiveCfg = Debug|Any CPU
		{0F87757D-C7F5-CAA7-C11A-B41651146D80}.Debug|Any CPU.Build.0 = Debug|Any CPU
		{0F87757D-C7F5-CAA7-C11A-B41651146D80}.Release|Any CPU.ActiveCfg = Release|Any CPU
		{0F87757D-C7F5-CAA7-C11A-B41651146D80}.Release|Any CPU.Build.0 = Release|Any CPU
	EndGlobalSection
	GlobalSection(SolutionProperties) = preSolution
		HideSolutionNode = FALSE
	EndGlobalSection
EndGlobal
